// !$*UTF8*$!
{
	archiveVersion = 1;
	classes = {
	};
	objectVersion = 48;
	objects = {

/* Begin PBXBuildFile section */
		9529AE3C20769965003F6E1D /* textures in Resources */ = {isa = PBXBuildFile; fileRef = 9529AE3A20769965003F6E1D /* textures */; };
		95B2510020711F2800B001E5 /* AppDelegate.m in Sources */ = {isa = PBXBuildFile; fileRef = 95B250FF20711F2800B001E5 /* AppDelegate.m */; };
		95B2510F20711F2800B001E5 /* Assets.xcassets in Resources */ = {isa = PBXBuildFile; fileRef = 95B2510E20711F2800B001E5 /* Assets.xcassets */; };
		95B2511520711F2800B001E5 /* main.m in Sources */ = {isa = PBXBuildFile; fileRef = 95B2511420711F2800B001E5 /* main.m */; };
		95B2511D207121E900B001E5 /* GLKit.framework in Frameworks */ = {isa = PBXBuildFile; fileRef = 95B2511C207121E900B001E5 /* GLKit.framework */; };
		95B2511F207121F500B001E5 /* OpenGLES.framework in Frameworks */ = {isa = PBXBuildFile; fileRef = 95B2511E207121F500B001E5 /* OpenGLES.framework */; };
		95B251212071228900B001E5 /* ViewController.m in Sources */ = {isa = PBXBuildFile; fileRef = 95B251202071228900B001E5 /* ViewController.m */; };
		95B251252071247A00B001E5 /* LaunchScreen.storyboard in Resources */ = {isa = PBXBuildFile; fileRef = 95B251232071247A00B001E5 /* LaunchScreen.storyboard */; };
		95B25128207124C900B001E5 /* Main.storyboard in Resources */ = {isa = PBXBuildFile; fileRef = 95B25126207124C900B001E5 /* Main.storyboard */; };
/* End PBXBuildFile section */

/* Begin PBXFileReference section */
		9529AE3A20769965003F6E1D /* textures */ = {isa = PBXFileReference; lastKnownFileType = folder; name = textures; path = "../../../kotchan-jvm/src/main/resources/textures"; sourceTree = "<group>"; };
		95B250FB20711F2800B001E5 /* kotchan.app */ = {isa = PBXFileReference; explicitFileType = wrapper.application; includeInIndex = 0; path = kotchan.app; sourceTree = BUILT_PRODUCTS_DIR; };
		95B250FE20711F2800B001E5 /* AppDelegate.h */ = {isa = PBXFileReference; lastKnownFileType = sourcecode.c.h; path = AppDelegate.h; sourceTree = "<group>"; };
		95B250FF20711F2800B001E5 /* AppDelegate.m */ = {isa = PBXFileReference; lastKnownFileType = sourcecode.c.objc; path = AppDelegate.m; sourceTree = "<group>"; };
		95B2510E20711F2800B001E5 /* Assets.xcassets */ = {isa = PBXFileReference; lastKnownFileType = folder.assetcatalog; path = Assets.xcassets; sourceTree = "<group>"; };
		95B2511320711F2800B001E5 /* Info.plist */ = {isa = PBXFileReference; lastKnownFileType = text.plist.xml; path = Info.plist; sourceTree = "<group>"; };
		95B2511420711F2800B001E5 /* main.m */ = {isa = PBXFileReference; lastKnownFileType = sourcecode.c.objc; path = main.m; sourceTree = "<group>"; };
		95B2511C207121E900B001E5 /* GLKit.framework */ = {isa = PBXFileReference; lastKnownFileType = wrapper.framework; name = GLKit.framework; path = System/Library/Frameworks/GLKit.framework; sourceTree = SDKROOT; };
		95B2511E207121F500B001E5 /* OpenGLES.framework */ = {isa = PBXFileReference; lastKnownFileType = wrapper.framework; name = OpenGLES.framework; path = System/Library/Frameworks/OpenGLES.framework; sourceTree = SDKROOT; };
		95B251202071228900B001E5 /* ViewController.m */ = {isa = PBXFileReference; lastKnownFileType = sourcecode.c.objc; path = ViewController.m; sourceTree = "<group>"; };
		95B25122207122BD00B001E5 /* ViewController.h */ = {isa = PBXFileReference; lastKnownFileType = sourcecode.c.h; path = ViewController.h; sourceTree = "<group>"; };
		95B251242071247A00B001E5 /* Base */ = {isa = PBXFileReference; lastKnownFileType = file.storyboard; name = Base; path = Base.lproj/LaunchScreen.storyboard; sourceTree = "<group>"; };
		95B25127207124C900B001E5 /* Base */ = {isa = PBXFileReference; lastKnownFileType = file.storyboard; name = Base; path = Base.lproj/Main.storyboard; sourceTree = "<group>"; };
/* End PBXFileReference section */

/* Begin PBXFrameworksBuildPhase section */
		95B250F820711F2800B001E5 /* Frameworks */ = {
			isa = PBXFrameworksBuildPhase;
			buildActionMask = 2147483647;
			files = (
				95B2511F207121F500B001E5 /* OpenGLES.framework in Frameworks */,
				95B2511D207121E900B001E5 /* GLKit.framework in Frameworks */,
			);
			runOnlyForDeploymentPostprocessing = 0;
		};
/* End PBXFrameworksBuildPhase section */

/* Begin PBXGroup section */
		95611ACF2075AEED007ABEF2 /* resources */ = {
			isa = PBXGroup;
			children = (
				9529AE3A20769965003F6E1D /* textures */,
			);
			path = resources;
			sourceTree = "<group>";
		};
		95B250F220711F2800B001E5 = {
			isa = PBXGroup;
			children = (
				95611ACF2075AEED007ABEF2 /* resources */,
				95B250FD20711F2800B001E5 /* kotchan */,
				95B250FC20711F2800B001E5 /* Products */,
				95B2511B207121E900B001E5 /* Frameworks */,
			);
			sourceTree = "<group>";
		};
		95B250FC20711F2800B001E5 /* Products */ = {
			isa = PBXGroup;
			children = (
				95B250FB20711F2800B001E5 /* kotchan.app */,
			);
			name = Products;
			sourceTree = "<group>";
		};
		95B250FD20711F2800B001E5 /* kotchan */ = {
			isa = PBXGroup;
			children = (
				95B250FE20711F2800B001E5 /* AppDelegate.h */,
				95B250FF20711F2800B001E5 /* AppDelegate.m */,
				95B251232071247A00B001E5 /* LaunchScreen.storyboard */,
				95B25126207124C900B001E5 /* Main.storyboard */,
				95B2510E20711F2800B001E5 /* Assets.xcassets */,
				95B2511320711F2800B001E5 /* Info.plist */,
				95B2511420711F2800B001E5 /* main.m */,
				95B25122207122BD00B001E5 /* ViewController.h */,
				95B251202071228900B001E5 /* ViewController.m */,
			);
			path = kotchan;
			sourceTree = "<group>";
		};
		95B2511B207121E900B001E5 /* Frameworks */ = {
			isa = PBXGroup;
			children = (
				95B2511E207121F500B001E5 /* OpenGLES.framework */,
				95B2511C207121E900B001E5 /* GLKit.framework */,
			);
			name = Frameworks;
			sourceTree = "<group>";
		};
/* End PBXGroup section */

/* Begin PBXNativeTarget section */
		95B250FA20711F2800B001E5 /* kotchan */ = {
			isa = PBXNativeTarget;
			buildConfigurationList = 95B2511820711F2800B001E5 /* Build configuration list for PBXNativeTarget "kotchan" */;
			buildPhases = (
				95B251292071275100B001E5 /* Remove Original Binary */,
				95B250F720711F2800B001E5 /* Sources */,
				95B250F820711F2800B001E5 /* Frameworks */,
				95B2512A207127C800B001E5 /* Compile Kotlin Source */,
				95B2512B2071282100B001E5 /* Replace Original Binary */,
				95B250F920711F2800B001E5 /* Resources */,
			);
			buildRules = (
			);
			dependencies = (
			);
			name = kotchan;
			productName = kotchan;
			productReference = 95B250FB20711F2800B001E5 /* kotchan.app */;
			productType = "com.apple.product-type.application";
		};
/* End PBXNativeTarget section */

/* Begin PBXProject section */
		95B250F320711F2800B001E5 /* Project object */ = {
			isa = PBXProject;
			attributes = {
				LastUpgradeCheck = 0920;
				ORGANIZATIONNAME = inoutch;
				TargetAttributes = {
					95B250FA20711F2800B001E5 = {
						CreatedOnToolsVersion = 9.2;
						ProvisioningStyle = Automatic;
					};
				};
			};
			buildConfigurationList = 95B250F620711F2800B001E5 /* Build configuration list for PBXProject "kotchan" */;
			compatibilityVersion = "Xcode 8.0";
			developmentRegion = en;
			hasScannedForEncodings = 0;
			knownRegions = (
				en,
				Base,
			);
			mainGroup = 95B250F220711F2800B001E5;
			productRefGroup = 95B250FC20711F2800B001E5 /* Products */;
			projectDirPath = "";
			projectRoot = "";
			targets = (
				95B250FA20711F2800B001E5 /* kotchan */,
			);
		};
/* End PBXProject section */

/* Begin PBXResourcesBuildPhase section */
		95B250F920711F2800B001E5 /* Resources */ = {
			isa = PBXResourcesBuildPhase;
			buildActionMask = 2147483647;
			files = (
				9529AE3C20769965003F6E1D /* textures in Resources */,
				95B25128207124C900B001E5 /* Main.storyboard in Resources */,
				95B251252071247A00B001E5 /* LaunchScreen.storyboard in Resources */,
				95B2510F20711F2800B001E5 /* Assets.xcassets in Resources */,
			);
			runOnlyForDeploymentPostprocessing = 0;
		};
/* End PBXResourcesBuildPhase section */

/* Begin PBXShellScriptBuildPhase section */
		95B251292071275100B001E5 /* Remove Original Binary */ = {
			isa = PBXShellScriptBuildPhase;
			buildActionMask = 2147483647;
			files = (
			);
			inputPaths = (
			);
			name = "Remove Original Binary";
			outputPaths = (
			);
			runOnlyForDeploymentPostprocessing = 0;
			shellPath = /bin/sh;
			shellScript = "rm -f \"$TARGET_BUILD_DIR/$EXECUTABLE_PATH\"";
		};
		95B2512A207127C800B001E5 /* Compile Kotlin Source */ = {
			isa = PBXShellScriptBuildPhase;
			buildActionMask = 2147483647;
			files = (
			);
			inputPaths = (
			);
			name = "Compile Kotlin Source";
			outputPaths = (
			);
			runOnlyForDeploymentPostprocessing = 0;
			shellPath = /bin/sh;
			shellScript = "$SRCROOT/../../gradlew -p $SRCROOT/../../ :kotchan-ios:compileKonanApp --stacktrace -Pdisable.android=true";
		};
		95B2512B2071282100B001E5 /* Replace Original Binary */ = {
			isa = PBXShellScriptBuildPhase;
			buildActionMask = 2147483647;
			files = (
			);
			inputPaths = (
			);
			name = "Replace Original Binary";
			outputPaths = (
			);
			runOnlyForDeploymentPostprocessing = 0;
			shellPath = /bin/sh;
			shellScript = "cp \"$SRCROOT/../build/konan/bin/iphone/app.kexe\" \"$TARGET_BUILD_DIR/$EXECUTABLE_PATH\"";
		};
/* End PBXShellScriptBuildPhase section */

/* Begin PBXSourcesBuildPhase section */
		95B250F720711F2800B001E5 /* Sources */ = {
			isa = PBXSourcesBuildPhase;
			buildActionMask = 2147483647;
			files = (
				95B2511520711F2800B001E5 /* main.m in Sources */,
				95B2510020711F2800B001E5 /* AppDelegate.m in Sources */,
				95B251212071228900B001E5 /* ViewController.m in Sources */,
			);
			runOnlyForDeploymentPostprocessing = 0;
		};
/* End PBXSourcesBuildPhase section */

/* Begin PBXVariantGroup section */
		95B251232071247A00B001E5 /* LaunchScreen.storyboard */ = {
			isa = PBXVariantGroup;
			children = (
				95B251242071247A00B001E5 /* Base */,
			);
			name = LaunchScreen.storyboard;
			sourceTree = "<group>";
		};
		95B25126207124C900B001E5 /* Main.storyboard */ = {
			isa = PBXVariantGroup;
			children = (
				95B25127207124C900B001E5 /* Base */,
			);
			name = Main.storyboard;
			sourceTree = "<group>";
		};
/* End PBXVariantGroup section */

/* Begin XCBuildConfiguration section */
		95B2511620711F2800B001E5 /* Debug */ = {
			isa = XCBuildConfiguration;
			buildSettings = {
				ALWAYS_SEARCH_USER_PATHS = NO;
				CLANG_ANALYZER_NONNULL = YES;
				CLANG_ANALYZER_NUMBER_OBJECT_CONVERSION = YES_AGGRESSIVE;
				CLANG_CXX_LANGUAGE_STANDARD = "gnu++14";
				CLANG_CXX_LIBRARY = "libc++";
				CLANG_ENABLE_MODULES = YES;
				CLANG_ENABLE_OBJC_ARC = YES;
				CLANG_WARN_BLOCK_CAPTURE_AUTORELEASING = YES;
				CLANG_WARN_BOOL_CONVERSION = YES;
				CLANG_WARN_COMMA = YES;
				CLANG_WARN_CONSTANT_CONVERSION = YES;
				CLANG_WARN_DIRECT_OBJC_ISA_USAGE = YES_ERROR;
				CLANG_WARN_DOCUMENTATION_COMMENTS = YES;
				CLANG_WARN_EMPTY_BODY = YES;
				CLANG_WARN_ENUM_CONVERSION = YES;
				CLANG_WARN_INFINITE_RECURSION = YES;
				CLANG_WARN_INT_CONVERSION = YES;
				CLANG_WARN_NON_LITERAL_NULL_CONVERSION = YES;
				CLANG_WARN_OBJC_LITERAL_CONVERSION = YES;
				CLANG_WARN_OBJC_ROOT_CLASS = YES_ERROR;
				CLANG_WARN_RANGE_LOOP_ANALYSIS = YES;
				CLANG_WARN_STRICT_PROTOTYPES = YES;
				CLANG_WARN_SUSPICIOUS_MOVE = YES;
				CLANG_WARN_UNGUARDED_AVAILABILITY = YES_AGGRESSIVE;
				CLANG_WARN_UNREACHABLE_CODE = YES;
				CLANG_WARN__DUPLICATE_METHOD_MATCH = YES;
				CODE_SIGN_IDENTITY = "iPhone Developer";
				COPY_PHASE_STRIP = NO;
				DEBUG_INFORMATION_FORMAT = dwarf;
				ENABLE_STRICT_OBJC_MSGSEND = YES;
				ENABLE_TESTABILITY = YES;
				GCC_C_LANGUAGE_STANDARD = gnu11;
				GCC_DYNAMIC_NO_PIC = NO;
				GCC_NO_COMMON_BLOCKS = YES;
				GCC_OPTIMIZATION_LEVEL = 0;
				GCC_PREPROCESSOR_DEFINITIONS = (
					"DEBUG=1",
					"$(inherited)",
				);
				GCC_WARN_64_TO_32_BIT_CONVERSION = YES;
				GCC_WARN_ABOUT_RETURN_TYPE = YES_ERROR;
				GCC_WARN_UNDECLARED_SELECTOR = YES;
				GCC_WARN_UNINITIALIZED_AUTOS = YES_AGGRESSIVE;
				GCC_WARN_UNUSED_FUNCTION = YES;
				GCC_WARN_UNUSED_VARIABLE = YES;
				IPHONEOS_DEPLOYMENT_TARGET = 11.2;
				MTL_ENABLE_DEBUG_INFO = YES;
				ONLY_ACTIVE_ARCH = YES;
				SDKROOT = iphoneos;
			};
			name = Debug;
		};
		95B2511720711F2800B001E5 /* Release */ = {
			isa = XCBuildConfiguration;
			buildSettings = {
				ALWAYS_SEARCH_USER_PATHS = NO;
				CLANG_ANALYZER_NONNULL = YES;
				CLANG_ANALYZER_NUMBER_OBJECT_CONVERSION = YES_AGGRESSIVE;
				CLANG_CXX_LANGUAGE_STANDARD = "gnu++14";
				CLANG_CXX_LIBRARY = "libc++";
				CLANG_ENABLE_MODULES = YES;
				CLANG_ENABLE_OBJC_ARC = YES;
				CLANG_WARN_BLOCK_CAPTURE_AUTORELEASING = YES;
				CLANG_WARN_BOOL_CONVERSION = YES;
				CLANG_WARN_COMMA = YES;
				CLANG_WARN_CONSTANT_CONVERSION = YES;
				CLANG_WARN_DIRECT_OBJC_ISA_USAGE = YES_ERROR;
				CLANG_WARN_DOCUMENTATION_COMMENTS = YES;
				CLANG_WARN_EMPTY_BODY = YES;
				CLANG_WARN_ENUM_CONVERSION = YES;
				CLANG_WARN_INFINITE_RECURSION = YES;
				CLANG_WARN_INT_CONVERSION = YES;
				CLANG_WARN_NON_LITERAL_NULL_CONVERSION = YES;
				CLANG_WARN_OBJC_LITERAL_CONVERSION = YES;
				CLANG_WARN_OBJC_ROOT_CLASS = YES_ERROR;
				CLANG_WARN_RANGE_LOOP_ANALYSIS = YES;
				CLANG_WARN_STRICT_PROTOTYPES = YES;
				CLANG_WARN_SUSPICIOUS_MOVE = YES;
				CLANG_WARN_UNGUARDED_AVAILABILITY = YES_AGGRESSIVE;
				CLANG_WARN_UNREACHABLE_CODE = YES;
				CLANG_WARN__DUPLICATE_METHOD_MATCH = YES;
				CODE_SIGN_IDENTITY = "iPhone Developer";
				COPY_PHASE_STRIP = NO;
				DEBUG_INFORMATION_FORMAT = "dwarf-with-dsym";
				ENABLE_NS_ASSERTIONS = NO;
				ENABLE_STRICT_OBJC_MSGSEND = YES;
				GCC_C_LANGUAGE_STANDARD = gnu11;
				GCC_NO_COMMON_BLOCKS = YES;
				GCC_WARN_64_TO_32_BIT_CONVERSION = YES;
				GCC_WARN_ABOUT_RETURN_TYPE = YES_ERROR;
				GCC_WARN_UNDECLARED_SELECTOR = YES;
				GCC_WARN_UNINITIALIZED_AUTOS = YES_AGGRESSIVE;
				GCC_WARN_UNUSED_FUNCTION = YES;
				GCC_WARN_UNUSED_VARIABLE = YES;
				IPHONEOS_DEPLOYMENT_TARGET = 11.2;
				MTL_ENABLE_DEBUG_INFO = NO;
				SDKROOT = iphoneos;
				VALIDATE_PRODUCT = YES;
			};
			name = Release;
		};
		95B2511920711F2800B001E5 /* Debug */ = {
			isa = XCBuildConfiguration;
			buildSettings = {
				ASSETCATALOG_COMPILER_APPICON_NAME = AppIcon;
				"CODE_SIGN_IDENTITY[sdk=iphoneos*]" = "iPhone Developer";
				CODE_SIGN_STYLE = Automatic;
				DEVELOPMENT_TEAM = 2T94R583UT;
				INFOPLIST_FILE = kotchan/Info.plist;
				LD_RUNPATH_SEARCH_PATHS = "$(inherited) @executable_path/Frameworks";
				PRODUCT_BUNDLE_IDENTIFIER = inoutch.kotchan;
				PRODUCT_NAME = "$(TARGET_NAME)";
				PROVISIONING_PROFILE_SPECIFIER = "";
				TARGETED_DEVICE_FAMILY = "1,2";
			};
			name = Debug;
		};
		95B2511A20711F2800B001E5 /* Release */ = {
			isa = XCBuildConfiguration;
			buildSettings = {
				ASSETCATALOG_COMPILER_APPICON_NAME = AppIcon;
				"CODE_SIGN_IDENTITY[sdk=iphoneos*]" = "iPhone Developer";
				CODE_SIGN_STYLE = Automatic;
				DEVELOPMENT_TEAM = 2T94R583UT;
				INFOPLIST_FILE = kotchan/Info.plist;
				LD_RUNPATH_SEARCH_PATHS = "$(inherited) @executable_path/Frameworks";
				PRODUCT_BUNDLE_IDENTIFIER = inoutch.kotchan;
				PRODUCT_NAME = "$(TARGET_NAME)";
				PROVISIONING_PROFILE_SPECIFIER = "";
				TARGETED_DEVICE_FAMILY = "1,2";
			};
			name = Release;
		};
/* End XCBuildConfiguration section */

/* Begin XCConfigurationList section */
		95B250F620711F2800B001E5 /* Build configuration list for PBXProject "kotchan" */ = {
			isa = XCConfigurationList;
			buildConfigurations = (
				95B2511620711F2800B001E5 /* Debug */,
				95B2511720711F2800B001E5 /* Release */,
			);
			defaultConfigurationIsVisible = 0;
			defaultConfigurationName = Release;
		};
		95B2511820711F2800B001E5 /* Build configuration list for PBXNativeTarget "kotchan" */ = {
			isa = XCConfigurationList;
			buildConfigurations = (
				95B2511920711F2800B001E5 /* Debug */,
				95B2511A20711F2800B001E5 /* Release */,
			);
			defaultConfigurationIsVisible = 0;
			defaultConfigurationName = Release;
		};
/* End XCConfigurationList section */
	};
	rootObject = 95B250F320711F2800B001E5 /* Project object */;
}
